
Microsoft Visual Studio Solution File, Format Version 12.00
# Visual Studio 14
VisualStudioVersion = 14.0.25420.1
MinimumVisualStudioVersion = 10.0.40219.1
Project("{E24C65DC-7377-472B-9ABA-BC803B73C61A}") = "XML_RyazanMed", ".", "{96E66462-70AD-4EE3-875C-4CB14DC89580}"
	ProjectSection(WebsiteProperties) = preProject
		TargetFrameworkMoniker = ".NETFramework,Version%3Dv4.0"
		Debug.AspNetCompiler.VirtualPath = "/XML_RyazanMed"
		Debug.AspNetCompiler.PhysicalPath = "..\XML_RyazanMed\"
		Debug.AspNetCompiler.TargetPath = "PrecompiledWeb\XML_RyazanMed\"
		Debug.AspNetCompiler.Updateable = "true"
		Debug.AspNetCompiler.ForceOverwrite = "true"
		Debug.AspNetCompiler.FixedNames = "false"
		Debug.AspNetCompiler.Debug = "True"
		Release.AspNetCompiler.VirtualPath = "/XML_RyazanMed"
		Release.AspNetCompiler.PhysicalPath = "..\XML_RyazanMed\"
		Release.AspNetCompiler.TargetPath = "PrecompiledWeb\XML_RyazanMed\"
		Release.AspNetCompiler.Updateable = "true"
		Release.AspNetCompiler.ForceOverwrite = "true"
		Release.AspNetCompiler.FixedNames = "false"
		Release.AspNetCompiler.Debug = "False"
		VWDPort = "1746"
		SlnRelativePath = "..\XML_RyazanMed\"
		DefaultWebSiteLanguage = "Visual C#"
	EndProjectSection
EndProject
Global
	GlobalSection(SolutionConfigurationPlatforms) = preSolution
		Debug|Any CPU = Debug|Any CPU
	EndGlobalSection
	GlobalSection(ProjectConfigurationPlatforms) = postSolution
		{96E66462-70AD-4EE3-875C-4CB14DC89580}.Debug|Any CPU.ActiveCfg = Debug|Any CPU
		{96E66462-70AD-4EE3-875C-4CB14DC89580}.Debug|Any CPU.Build.0 = Debug|Any CPU
	EndGlobalSection
	GlobalSection(SolutionProperties) = preSolution
		HideSolutionNode = FALSE
	EndGlobalSection
EndGlobal
