
Microsoft Visual Studio Solution File, Format Version 12.00
# Visual Studio Version 16
VisualStudioVersion = 16.0.29709.97
MinimumVisualStudioVersion = 10.0.40219.1
Project("{E24C65DC-7377-472B-9ABA-BC803B73C61A}") = "GateUMmarsh", ".", "{360AE092-3E17-4C98-B844-CC32059B1269}"
	ProjectSection(WebsiteProperties) = preProject
		TargetFrameworkMoniker = ".NETFramework,Version%3Dv4.5.2"
		Debug.AspNetCompiler.VirtualPath = "/GateUMarsh"
		Debug.AspNetCompiler.PhysicalPath = "..\GateUMmarsh\"
		Debug.AspNetCompiler.TargetPath = "PrecompiledWeb\GateUMarsh\"
		Debug.AspNetCompiler.Updateable = "true"
		Debug.AspNetCompiler.ForceOverwrite = "true"
		Debug.AspNetCompiler.FixedNames = "false"
		Debug.AspNetCompiler.Debug = "True"
		Release.AspNetCompiler.VirtualPath = "/GateUMarsh"
		Release.AspNetCompiler.PhysicalPath = "..\GateUMmarsh\"
		Release.AspNetCompiler.TargetPath = "PrecompiledWeb\GateUMarsh\"
		Release.AspNetCompiler.Updateable = "true"
		Release.AspNetCompiler.ForceOverwrite = "true"
		Release.AspNetCompiler.FixedNames = "false"
		Release.AspNetCompiler.Debug = "False"
		VWDPort = "1731"
		SlnRelativePath = "..\GateUMmarsh\"
		DefaultWebSiteLanguage = "Visual C#"
	EndProjectSection
EndProject
Global
	GlobalSection(SolutionConfigurationPlatforms) = preSolution
		Debug|Any CPU = Debug|Any CPU
	EndGlobalSection
	GlobalSection(ProjectConfigurationPlatforms) = postSolution
		{360AE092-3E17-4C98-B844-CC32059B1269}.Debug|Any CPU.ActiveCfg = Debug|Any CPU
		{360AE092-3E17-4C98-B844-CC32059B1269}.Debug|Any CPU.Build.0 = Debug|Any CPU
	EndGlobalSection
	GlobalSection(SolutionProperties) = preSolution
		HideSolutionNode = FALSE
	EndGlobalSection
	GlobalSection(ExtensibilityGlobals) = postSolution
		SolutionGuid = {D1166FF2-0112-449E-932B-8BD9F8AF3746}
	EndGlobalSection
EndGlobal
