
Microsoft Visual Studio Solution File, Format Version 10.00
# Visual Studio 2008
Project("{E24C65DC-7377-472B-9ABA-BC803B73C61A}") = "XML_GIBDDPenaltyPays", ".", "{78061D1E-3A87-4443-B883-1F22D4496D05}"
	ProjectSection(WebsiteProperties) = preProject
		TargetFramework = "2.0"
		Debug.AspNetCompiler.VirtualPath = "/XML_GIBDDPenaltyPays"
		Debug.AspNetCompiler.PhysicalPath = "XML_GIBDDPenaltyPays\"
		Debug.AspNetCompiler.TargetPath = "PrecompiledWeb\XML_GIBDDPenaltyPays\"
		Debug.AspNetCompiler.Updateable = "true"
		Debug.AspNetCompiler.ForceOverwrite = "true"
		Debug.AspNetCompiler.FixedNames = "false"
		Debug.AspNetCompiler.Debug = "True"
		Release.AspNetCompiler.VirtualPath = "/XML_GIBDDPenaltyPays"
		Release.AspNetCompiler.PhysicalPath = "XML_GIBDDPenaltyPays\"
		Release.AspNetCompiler.TargetPath = "PrecompiledWeb\XML_GIBDDPenaltyPays\"
		Release.AspNetCompiler.Updateable = "true"
		Release.AspNetCompiler.ForceOverwrite = "true"
		Release.AspNetCompiler.FixedNames = "false"
		Release.AspNetCompiler.Debug = "False"
		VWDPort = "34454"
	EndProjectSection
EndProject
Global
	GlobalSection(SolutionConfigurationPlatforms) = preSolution
		Debug|.NET = Debug|.NET
	EndGlobalSection
	GlobalSection(ProjectConfigurationPlatforms) = postSolution
		{78061D1E-3A87-4443-B883-1F22D4496D05}.Debug|.NET.ActiveCfg = Debug|.NET
		{78061D1E-3A87-4443-B883-1F22D4496D05}.Debug|.NET.Build.0 = Debug|.NET
	EndGlobalSection
	GlobalSection(SolutionProperties) = preSolution
		HideSolutionNode = FALSE
	EndGlobalSection
EndGlobal
